// !$*UTF8*$!
{
	archiveVersion = 1;
	classes = {
	};
	objectVersion = 46;
	objects = {

/* Begin PBXBuildFile section */
		272BBE7821A258C200DBE69D /* AAColor.swift in Sources */ = {isa = PBXBuildFile; fileRef = 272BBE7721A258C200DBE69D /* AAColor.swift */; };
		27499098210D7B2E003D18C2 /* AAJSFiles.bundle in Resources */ = {isa = PBXBuildFile; fileRef = 27499097210D7B2E003D18C2 /* AAJSFiles.bundle */; };
		2749914F210D90B5003D18C2 /* AAChartModel.swift in Sources */ = {isa = PBXBuildFile; fileRef = 2749914B210D90B5003D18C2 /* AAChartModel.swift */; };
		27499150210D90B5003D18C2 /* AASeriesElement.swift in Sources */ = {isa = PBXBuildFile; fileRef = 2749914C210D90B5003D18C2 /* AASeriesElement.swift */; };
		27499151210D90B5003D18C2 /* AASerializable.swift in Sources */ = {isa = PBXBuildFile; fileRef = 2749914D210D90B5003D18C2 /* AASerializable.swift */; };
		27499152210D90B5003D18C2 /* AAChartView.swift in Sources */ = {isa = PBXBuildFile; fileRef = 2749914E210D90B5003D18C2 /* AAChartView.swift */; };
		276A56FF22C77228007F53E7 /* DoubleChartsLinkedWorkVC.swift in Sources */ = {isa = PBXBuildFile; fileRef = 276A56FE22C77228007F53E7 /* DoubleChartsLinkedWorkVC.swift */; };
		2770FBBF1F93673700091C75 /* OnlyRefreshChartDataVC.swift in Sources */ = {isa = PBXBuildFile; fileRef = 2770FBBE1F93673700091C75 /* OnlyRefreshChartDataVC.swift */; };
		27766455207C55BE00F0A62C /* MixedChartVC.swift in Sources */ = {isa = PBXBuildFile; fileRef = 27766454207C55BE00F0A62C /* MixedChartVC.swift */; };
		278C54B21EE9472300770B97 /* AppDelegate.swift in Sources */ = {isa = PBXBuildFile; fileRef = 278C54B11EE9472300770B97 /* AppDelegate.swift */; };
		278C54B71EE9472300770B97 /* Main.storyboard in Resources */ = {isa = PBXBuildFile; fileRef = 278C54B51EE9472300770B97 /* Main.storyboard */; };
		278C54B91EE9472300770B97 /* Assets.xcassets in Resources */ = {isa = PBXBuildFile; fileRef = 278C54B81EE9472300770B97 /* Assets.xcassets */; };
		278C54BC1EE9472300770B97 /* LaunchScreen.storyboard in Resources */ = {isa = PBXBuildFile; fileRef = 278C54BA1EE9472300770B97 /* LaunchScreen.storyboard */; };
		278C54C71EE9472300770B97 /* AAInfographicsDemoTests.swift in Sources */ = {isa = PBXBuildFile; fileRef = 278C54C61EE9472300770B97 /* AAInfographicsDemoTests.swift */; };
		278C54D21EE9472300770B97 /* AAInfographicsDemoUITests.swift in Sources */ = {isa = PBXBuildFile; fileRef = 278C54D11EE9472300770B97 /* AAInfographicsDemoUITests.swift */; };
		278C55141EE948C900770B97 /* CommonChartVC.swift in Sources */ = {isa = PBXBuildFile; fileRef = 278C55101EE948C900770B97 /* CommonChartVC.swift */; };
		278C55151EE948C900770B97 /* MainVC.swift in Sources */ = {isa = PBXBuildFile; fileRef = 278C55111EE948C900770B97 /* MainVC.swift */; };
		278C55161EE948C900770B97 /* SpecialChartVC.swift in Sources */ = {isa = PBXBuildFile; fileRef = 278C55121EE948C900770B97 /* SpecialChartVC.swift */; };
		278C55171EE948C900770B97 /* AnimationTypeVC.swift in Sources */ = {isa = PBXBuildFile; fileRef = 278C55131EE948C900770B97 /* AnimationTypeVC.swift */; };
		279B5B141FB0577A000B8DBF /* ShowManyChartViewVC.swift in Sources */ = {isa = PBXBuildFile; fileRef = 279B5B131FB0577A000B8DBF /* ShowManyChartViewVC.swift */; };
		27DB49A42273767000B7926B /* AATooltip.swift in Sources */ = {isa = PBXBuildFile; fileRef = 27DB49A32273767000B7926B /* AATooltip.swift */; };
		27DB49A6227381C300B7926B /* AAJSStringPurer.swift in Sources */ = {isa = PBXBuildFile; fileRef = 27DB49A5227381C300B7926B /* AAJSStringPurer.swift */; };
		27FADB8620D6569000FED960 /* HideOrShowChartSeriesVC.swift in Sources */ = {isa = PBXBuildFile; fileRef = 27FADB8520D6569000FED960 /* HideOrShowChartSeriesVC.swift */; };
		440839A1226AD2B600645263 /* AADataLabels.swift in Sources */ = {isa = PBXBuildFile; fileRef = 440839A0226AD2B600645263 /* AADataLabels.swift */; };
		4409BED021B8CC4900D79278 /* EvaluateJSStringFunctionVC.swift in Sources */ = {isa = PBXBuildFile; fileRef = 4409BECF21B8CC4900D79278 /* EvaluateJSStringFunctionVC.swift */; };
		44143D3621A17F2300D44657 /* AAGradientColor.swift in Sources */ = {isa = PBXBuildFile; fileRef = 44143D3521A17F2300D44657 /* AAGradientColor.swift */; };
		4415475B231A18C500382DAD /* AAAnimation.swift in Sources */ = {isa = PBXBuildFile; fileRef = 4415475A231A18C500382DAD /* AAAnimation.swift */; };
		4415475D231A194000382DAD /* AAChart.swift in Sources */ = {isa = PBXBuildFile; fileRef = 4415475C231A194000382DAD /* AAChart.swift */; };
		4415475F231A1A4000382DAD /* AACrosshair.swift in Sources */ = {isa = PBXBuildFile; fileRef = 4415475E231A1A4000382DAD /* AACrosshair.swift */; };
		44154761231A1AE100382DAD /* AAMarker.swift in Sources */ = {isa = PBXBuildFile; fileRef = 44154760231A1AE100382DAD /* AAMarker.swift */; };
		44154763231A1B4800382DAD /* AAOptions.swift in Sources */ = {isa = PBXBuildFile; fileRef = 44154762231A1B4800382DAD /* AAOptions.swift */; };
		44154765231A1BEB00382DAD /* AATitle.swift in Sources */ = {isa = PBXBuildFile; fileRef = 44154764231A1BEB00382DAD /* AATitle.swift */; };
		44154767231A1D0200382DAD /* AASubtitle.swift in Sources */ = {isa = PBXBuildFile; fileRef = 44154766231A1D0200382DAD /* AASubtitle.swift */; };
		44154769231A1D5600382DAD /* AASeries.swift in Sources */ = {isa = PBXBuildFile; fileRef = 44154768231A1D5600382DAD /* AASeries.swift */; };
		4415476B231A1E8200382DAD /* AAPlotOptions.swift in Sources */ = {isa = PBXBuildFile; fileRef = 4415476A231A1E8200382DAD /* AAPlotOptions.swift */; };
		4419618C230D8EDC00C12AAF /* CustomStyleChartVC.swift in Sources */ = {isa = PBXBuildFile; fileRef = 4419618B230D8EDC00C12AAF /* CustomStyleChartVC.swift */; };
		442FA90D2340597200CF3BDF /* AAPane.swift in Sources */ = {isa = PBXBuildFile; fileRef = 442FA90C2340597200CF3BDF /* AAPane.swift */; };
		445353C122631B0E009FA12A /* AAPlotBandsElement.swift in Sources */ = {isa = PBXBuildFile; fileRef = 445353C022631B0E009FA12A /* AAPlotBandsElement.swift */; };
		445353C322631B48009FA12A /* AAPlotLinesElement.swift in Sources */ = {isa = PBXBuildFile; fileRef = 445353C222631B48009FA12A /* AAPlotLinesElement.swift */; };
		4454E46922DF15AE00E01944 /* AALabels.swift in Sources */ = {isa = PBXBuildFile; fileRef = 4454E46822DF15AE00E01944 /* AALabels.swift */; };
		4454E46B22DF1A4F00E01944 /* AALabel.swift in Sources */ = {isa = PBXBuildFile; fileRef = 4454E46A22DF1A4F00E01944 /* AALabel.swift */; };
		446809DC22C3806E00BAE647 /* AALegend.swift in Sources */ = {isa = PBXBuildFile; fileRef = 446809DB22C3806E00BAE647 /* AALegend.swift */; };
		446809DE22C3809000BAE647 /* AAXAxis.swift in Sources */ = {isa = PBXBuildFile; fileRef = 446809DD22C3809000BAE647 /* AAXAxis.swift */; };
		446809E022C380A000BAE647 /* AAYAxis.swift in Sources */ = {isa = PBXBuildFile; fileRef = 446809DF22C380A000BAE647 /* AAYAxis.swift */; };
		447B4B3521C9F40900FDA965 /* DrawChartWithAAOptionsVC.swift in Sources */ = {isa = PBXBuildFile; fileRef = 447B4B3421C9F40900FDA965 /* DrawChartWithAAOptionsVC.swift */; };
		4486C50823D7516300B54849 /* AAStates.swift in Sources */ = {isa = PBXBuildFile; fileRef = 4486C50723D7516300B54849 /* AAStates.swift */; };
		449A0ED62377149D009F8FE1 /* ScrollingUpdateDataVC.swift in Sources */ = {isa = PBXBuildFile; fileRef = 449A0ED52377149D009F8FE1 /* ScrollingUpdateDataVC.swift */; };
		44EB70A722BCB606008FECE4 /* JSFormatterFunctionVC.swift in Sources */ = {isa = PBXBuildFile; fileRef = 44EB70A622BCB606008FECE4 /* JSFormatterFunctionVC.swift */; };
		FFACB2222424497B00FDAB0B /* AAScrollablePlotArea.swift in Sources */ = {isa = PBXBuildFile; fileRef = FFACB2212424497B00FDAB0B /* AAScrollablePlotArea.swift */; };
/* End PBXBuildFile section */

/* Begin PBXContainerItemProxy section */
		278C54C31EE9472300770B97 /* PBXContainerItemProxy */ = {
			isa = PBXContainerItemProxy;
			containerPortal = 278C54A61EE9472300770B97 /* Project object */;
			proxyType = 1;
			remoteGlobalIDString = 278C54AD1EE9472300770B97;
			remoteInfo = AAInfographicsDemo;
		};
		278C54CE1EE9472300770B97 /* PBXContainerItemProxy */ = {
			isa = PBXContainerItemProxy;
			containerPortal = 278C54A61EE9472300770B97 /* Project object */;
			proxyType = 1;
			remoteGlobalIDString = 278C54AD1EE9472300770B97;
			remoteInfo = AAInfographicsDemo;
		};
/* End PBXContainerItemProxy section */

/* Begin PBXFileReference section */
		272BBE7721A258C200DBE69D /* AAColor.swift */ = {isa = PBXFileReference; lastKnownFileType = sourcecode.swift; path = AAColor.swift; sourceTree = "<group>"; };
		27499097210D7B2E003D18C2 /* AAJSFiles.bundle */ = {isa = PBXFileReference; lastKnownFileType = "wrapper.plug-in"; path = AAJSFiles.bundle; sourceTree = "<group>"; };
		2749914B210D90B5003D18C2 /* AAChartModel.swift */ = {isa = PBXFileReference; fileEncoding = 4; lastKnownFileType = sourcecode.swift; path = AAChartModel.swift; sourceTree = "<group>"; };
		2749914C210D90B5003D18C2 /* AASeriesElement.swift */ = {isa = PBXFileReference; fileEncoding = 4; lastKnownFileType = sourcecode.swift; path = AASeriesElement.swift; sourceTree = "<group>"; };
		2749914D210D90B5003D18C2 /* AASerializable.swift */ = {isa = PBXFileReference; fileEncoding = 4; lastKnownFileType = sourcecode.swift; path = AASerializable.swift; sourceTree = "<group>"; };
		2749914E210D90B5003D18C2 /* AAChartView.swift */ = {isa = PBXFileReference; fileEncoding = 4; lastKnownFileType = sourcecode.swift; path = AAChartView.swift; sourceTree = "<group>"; };
		276A56FE22C77228007F53E7 /* DoubleChartsLinkedWorkVC.swift */ = {isa = PBXFileReference; lastKnownFileType = sourcecode.swift; path = DoubleChartsLinkedWorkVC.swift; sourceTree = "<group>"; };
		2770FBBE1F93673700091C75 /* OnlyRefreshChartDataVC.swift */ = {isa = PBXFileReference; lastKnownFileType = sourcecode.swift; path = OnlyRefreshChartDataVC.swift; sourceTree = "<group>"; };
		27766454207C55BE00F0A62C /* MixedChartVC.swift */ = {isa = PBXFileReference; lastKnownFileType = sourcecode.swift; path = MixedChartVC.swift; sourceTree = "<group>"; };
		278C54AE1EE9472300770B97 /* AAInfographicsDemo.app */ = {isa = PBXFileReference; explicitFileType = wrapper.application; includeInIndex = 0; path = AAInfographicsDemo.app; sourceTree = BUILT_PRODUCTS_DIR; };
		278C54B11EE9472300770B97 /* AppDelegate.swift */ = {isa = PBXFileReference; lastKnownFileType = sourcecode.swift; path = AppDelegate.swift; sourceTree = "<group>"; };
		278C54B61EE9472300770B97 /* Base */ = {isa = PBXFileReference; lastKnownFileType = file.storyboard; name = Base; path = Base.lproj/Main.storyboard; sourceTree = "<group>"; };
		278C54B81EE9472300770B97 /* Assets.xcassets */ = {isa = PBXFileReference; lastKnownFileType = folder.assetcatalog; path = Assets.xcassets; sourceTree = "<group>"; };
		278C54BB1EE9472300770B97 /* Base */ = {isa = PBXFileReference; lastKnownFileType = file.storyboard; name = Base; path = Base.lproj/LaunchScreen.storyboard; sourceTree = "<group>"; };
		278C54BD1EE9472300770B97 /* Info.plist */ = {isa = PBXFileReference; lastKnownFileType = text.plist.xml; path = Info.plist; sourceTree = "<group>"; };
		278C54C21EE9472300770B97 /* AAInfographicsDemoTests.xctest */ = {isa = PBXFileReference; explicitFileType = wrapper.cfbundle; includeInIndex = 0; path = AAInfographicsDemoTests.xctest; sourceTree = BUILT_PRODUCTS_DIR; };
		278C54C61EE9472300770B97 /* AAInfographicsDemoTests.swift */ = {isa = PBXFileReference; lastKnownFileType = sourcecode.swift; path = AAInfographicsDemoTests.swift; sourceTree = "<group>"; };
		278C54C81EE9472300770B97 /* Info.plist */ = {isa = PBXFileReference; lastKnownFileType = text.plist.xml; path = Info.plist; sourceTree = "<group>"; };
		278C54CD1EE9472300770B97 /* AAInfographicsDemoUITests.xctest */ = {isa = PBXFileReference; explicitFileType = wrapper.cfbundle; includeInIndex = 0; path = AAInfographicsDemoUITests.xctest; sourceTree = BUILT_PRODUCTS_DIR; };
		278C54D11EE9472300770B97 /* AAInfographicsDemoUITests.swift */ = {isa = PBXFileReference; lastKnownFileType = sourcecode.swift; path = AAInfographicsDemoUITests.swift; sourceTree = "<group>"; };
		278C54D31EE9472300770B97 /* Info.plist */ = {isa = PBXFileReference; lastKnownFileType = text.plist.xml; path = Info.plist; sourceTree = "<group>"; };
		278C55101EE948C900770B97 /* CommonChartVC.swift */ = {isa = PBXFileReference; fileEncoding = 4; lastKnownFileType = sourcecode.swift; path = CommonChartVC.swift; sourceTree = "<group>"; };
		278C55111EE948C900770B97 /* MainVC.swift */ = {isa = PBXFileReference; fileEncoding = 4; lastKnownFileType = sourcecode.swift; path = MainVC.swift; sourceTree = "<group>"; };
		278C55121EE948C900770B97 /* SpecialChartVC.swift */ = {isa = PBXFileReference; fileEncoding = 4; lastKnownFileType = sourcecode.swift; path = SpecialChartVC.swift; sourceTree = "<group>"; };
		278C55131EE948C900770B97 /* AnimationTypeVC.swift */ = {isa = PBXFileReference; fileEncoding = 4; lastKnownFileType = sourcecode.swift; path = AnimationTypeVC.swift; sourceTree = "<group>"; };
		279B5B131FB0577A000B8DBF /* ShowManyChartViewVC.swift */ = {isa = PBXFileReference; lastKnownFileType = sourcecode.swift; path = ShowManyChartViewVC.swift; sourceTree = "<group>"; };
		27DB49A32273767000B7926B /* AATooltip.swift */ = {isa = PBXFileReference; lastKnownFileType = sourcecode.swift; path = AATooltip.swift; sourceTree = "<group>"; };
		27DB49A5227381C300B7926B /* AAJSStringPurer.swift */ = {isa = PBXFileReference; lastKnownFileType = sourcecode.swift; path = AAJSStringPurer.swift; sourceTree = "<group>"; };
		27FADB8520D6569000FED960 /* HideOrShowChartSeriesVC.swift */ = {isa = PBXFileReference; lastKnownFileType = sourcecode.swift; path = HideOrShowChartSeriesVC.swift; sourceTree = "<group>"; };
		440839A0226AD2B600645263 /* AADataLabels.swift */ = {isa = PBXFileReference; lastKnownFileType = sourcecode.swift; path = AADataLabels.swift; sourceTree = "<group>"; };
		4409BECF21B8CC4900D79278 /* EvaluateJSStringFunctionVC.swift */ = {isa = PBXFileReference; lastKnownFileType = sourcecode.swift; path = EvaluateJSStringFunctionVC.swift; sourceTree = "<group>"; };
		44143D3521A17F2300D44657 /* AAGradientColor.swift */ = {isa = PBXFileReference; lastKnownFileType = sourcecode.swift; path = AAGradientColor.swift; sourceTree = "<group>"; };
		4415475A231A18C500382DAD /* AAAnimation.swift */ = {isa = PBXFileReference; lastKnownFileType = sourcecode.swift; path = AAAnimation.swift; sourceTree = "<group>"; };
		4415475C231A194000382DAD /* AAChart.swift */ = {isa = PBXFileReference; lastKnownFileType = sourcecode.swift; path = AAChart.swift; sourceTree = "<group>"; };
		4415475E231A1A4000382DAD /* AACrosshair.swift */ = {isa = PBXFileReference; lastKnownFileType = sourcecode.swift; path = AACrosshair.swift; sourceTree = "<group>"; };
		44154760231A1AE100382DAD /* AAMarker.swift */ = {isa = PBXFileReference; lastKnownFileType = sourcecode.swift; path = AAMarker.swift; sourceTree = "<group>"; };
		44154762231A1B4800382DAD /* AAOptions.swift */ = {isa = PBXFileReference; lastKnownFileType = sourcecode.swift; path = AAOptions.swift; sourceTree = "<group>"; };
		44154764231A1BEB00382DAD /* AATitle.swift */ = {isa = PBXFileReference; lastKnownFileType = sourcecode.swift; path = AATitle.swift; sourceTree = "<group>"; };
		44154766231A1D0200382DAD /* AASubtitle.swift */ = {isa = PBXFileReference; lastKnownFileType = sourcecode.swift; path = AASubtitle.swift; sourceTree = "<group>"; };
		44154768231A1D5600382DAD /* AASeries.swift */ = {isa = PBXFileReference; lastKnownFileType = sourcecode.swift; path = AASeries.swift; sourceTree = "<group>"; };
		4415476A231A1E8200382DAD /* AAPlotOptions.swift */ = {isa = PBXFileReference; lastKnownFileType = sourcecode.swift; path = AAPlotOptions.swift; sourceTree = "<group>"; };
		4419618B230D8EDC00C12AAF /* CustomStyleChartVC.swift */ = {isa = PBXFileReference; lastKnownFileType = sourcecode.swift; path = CustomStyleChartVC.swift; sourceTree = "<group>"; };
		442FA90C2340597200CF3BDF /* AAPane.swift */ = {isa = PBXFileReference; lastKnownFileType = sourcecode.swift; path = AAPane.swift; sourceTree = "<group>"; };
		445353C022631B0E009FA12A /* AAPlotBandsElement.swift */ = {isa = PBXFileReference; lastKnownFileType = sourcecode.swift; path = AAPlotBandsElement.swift; sourceTree = "<group>"; };
		445353C222631B48009FA12A /* AAPlotLinesElement.swift */ = {isa = PBXFileReference; lastKnownFileType = sourcecode.swift; path = AAPlotLinesElement.swift; sourceTree = "<group>"; };
		4454E46822DF15AE00E01944 /* AALabels.swift */ = {isa = PBXFileReference; lastKnownFileType = sourcecode.swift; path = AALabels.swift; sourceTree = "<group>"; };
		4454E46A22DF1A4F00E01944 /* AALabel.swift */ = {isa = PBXFileReference; lastKnownFileType = sourcecode.swift; path = AALabel.swift; sourceTree = "<group>"; };
		446809DB22C3806E00BAE647 /* AALegend.swift */ = {isa = PBXFileReference; lastKnownFileType = sourcecode.swift; path = AALegend.swift; sourceTree = "<group>"; };
		446809DD22C3809000BAE647 /* AAXAxis.swift */ = {isa = PBXFileReference; lastKnownFileType = sourcecode.swift; path = AAXAxis.swift; sourceTree = "<group>"; };
		446809DF22C380A000BAE647 /* AAYAxis.swift */ = {isa = PBXFileReference; lastKnownFileType = sourcecode.swift; path = AAYAxis.swift; sourceTree = "<group>"; };
		447B4B3421C9F40900FDA965 /* DrawChartWithAAOptionsVC.swift */ = {isa = PBXFileReference; lastKnownFileType = sourcecode.swift; path = DrawChartWithAAOptionsVC.swift; sourceTree = "<group>"; };
		4486C50723D7516300B54849 /* AAStates.swift */ = {isa = PBXFileReference; lastKnownFileType = sourcecode.swift; path = AAStates.swift; sourceTree = "<group>"; };
		4490BB372388E1AE005B9238 /* AAInfographicsDemo.entitlements */ = {isa = PBXFileReference; lastKnownFileType = text.plist.entitlements; path = AAInfographicsDemo.entitlements; sourceTree = "<group>"; };
		449A0ED52377149D009F8FE1 /* ScrollingUpdateDataVC.swift */ = {isa = PBXFileReference; lastKnownFileType = sourcecode.swift; path = ScrollingUpdateDataVC.swift; sourceTree = "<group>"; };
		44EB70A622BCB606008FECE4 /* JSFormatterFunctionVC.swift */ = {isa = PBXFileReference; lastKnownFileType = sourcecode.swift; path = JSFormatterFunctionVC.swift; sourceTree = "<group>"; };
		FFACB2212424497B00FDAB0B /* AAScrollablePlotArea.swift */ = {isa = PBXFileReference; lastKnownFileType = sourcecode.swift; path = AAScrollablePlotArea.swift; sourceTree = "<group>"; };
/* End PBXFileReference section */

/* Begin PBXFrameworksBuildPhase section */
		278C54AB1EE9472300770B97 /* Frameworks */ = {
			isa = PBXFrameworksBuildPhase;
			buildActionMask = 2147483647;
			files = (
			);
			runOnlyForDeploymentPostprocessing = 0;
		};
		278C54BF1EE9472300770B97 /* Frameworks */ = {
			isa = PBXFrameworksBuildPhase;
			buildActionMask = 2147483647;
			files = (
			);
			runOnlyForDeploymentPostprocessing = 0;
		};
		278C54CA1EE9472300770B97 /* Frameworks */ = {
			isa = PBXFrameworksBuildPhase;
			buildActionMask = 2147483647;
			files = (
			);
			runOnlyForDeploymentPostprocessing = 0;
		};
/* End PBXFrameworksBuildPhase section */

/* Begin PBXGroup section */
		275BB8D720CFA6DB00DE1991 /* AdditionalContent */ = {
			isa = PBXGroup;
			children = (
				276A56FE22C77228007F53E7 /* DoubleChartsLinkedWorkVC.swift */,
				279B5B131FB0577A000B8DBF /* ShowManyChartViewVC.swift */,
				2770FBBE1F93673700091C75 /* OnlyRefreshChartDataVC.swift */,
				278C55131EE948C900770B97 /* AnimationTypeVC.swift */,
				27FADB8520D6569000FED960 /* HideOrShowChartSeriesVC.swift */,
				4409BECF21B8CC4900D79278 /* EvaluateJSStringFunctionVC.swift */,
				447B4B3421C9F40900FDA965 /* DrawChartWithAAOptionsVC.swift */,
				44EB70A622BCB606008FECE4 /* JSFormatterFunctionVC.swift */,
				449A0ED52377149D009F8FE1 /* ScrollingUpdateDataVC.swift */,
			);
			path = AdditionalContent;
			sourceTree = "<group>";
		};
		278C54A51EE9472300770B97 = {
			isa = PBXGroup;
			children = (
				278C54F41EE947DF00770B97 /* AAInfographics */,
				278C54B01EE9472300770B97 /* AAInfographicsDemo */,
				278C54C51EE9472300770B97 /* AAInfographicsDemoTests */,
				278C54D01EE9472300770B97 /* AAInfographicsDemoUITests */,
				278C54AF1EE9472300770B97 /* Products */,
			);
			sourceTree = "<group>";
		};
		278C54AF1EE9472300770B97 /* Products */ = {
			isa = PBXGroup;
			children = (
				278C54AE1EE9472300770B97 /* AAInfographicsDemo.app */,
				278C54C21EE9472300770B97 /* AAInfographicsDemoTests.xctest */,
				278C54CD1EE9472300770B97 /* AAInfographicsDemoUITests.xctest */,
			);
			name = Products;
			sourceTree = "<group>";
		};
		278C54B01EE9472300770B97 /* AAInfographicsDemo */ = {
			isa = PBXGroup;
			children = (
				4490BB372388E1AE005B9238 /* AAInfographicsDemo.entitlements */,
				278C550F1EE9487F00770B97 /* Demo */,
				278C54B11EE9472300770B97 /* AppDelegate.swift */,
				278C54B51EE9472300770B97 /* Main.storyboard */,
				278C54BA1EE9472300770B97 /* LaunchScreen.storyboard */,
				278C54BD1EE9472300770B97 /* Info.plist */,
				278C54B81EE9472300770B97 /* Assets.xcassets */,
			);
			path = AAInfographicsDemo;
			sourceTree = "<group>";
		};
		278C54C51EE9472300770B97 /* AAInfographicsDemoTests */ = {
			isa = PBXGroup;
			children = (
				278C54C61EE9472300770B97 /* AAInfographicsDemoTests.swift */,
				278C54C81EE9472300770B97 /* Info.plist */,
			);
			path = AAInfographicsDemoTests;
			sourceTree = "<group>";
		};
		278C54D01EE9472300770B97 /* AAInfographicsDemoUITests */ = {
			isa = PBXGroup;
			children = (
				278C54D11EE9472300770B97 /* AAInfographicsDemoUITests.swift */,
				278C54D31EE9472300770B97 /* Info.plist */,
			);
			path = AAInfographicsDemoUITests;
			sourceTree = "<group>";
		};
		278C54F41EE947DF00770B97 /* AAInfographics */ = {
			isa = PBXGroup;
			children = (
				278C54F51EE947DF00770B97 /* AAChartCreator */,
				445353BF22631AB3009FA12A /* AAOptionsModel */,
				441AF0B92334699100F0D39D /* AATool */,
				27499097210D7B2E003D18C2 /* AAJSFiles.bundle */,
			);
			path = AAInfographics;
			sourceTree = SOURCE_ROOT;
		};
		278C54F51EE947DF00770B97 /* AAChartCreator */ = {
			isa = PBXGroup;
			children = (
				2749914E210D90B5003D18C2 /* AAChartView.swift */,
				2749914B210D90B5003D18C2 /* AAChartModel.swift */,
				2749914C210D90B5003D18C2 /* AASeriesElement.swift */,
				44154762231A1B4800382DAD /* AAOptions.swift */,
				2749914D210D90B5003D18C2 /* AASerializable.swift */,
			);
			path = AAChartCreator;
			sourceTree = "<group>";
		};
		278C550F1EE9487F00770B97 /* Demo */ = {
			isa = PBXGroup;
			children = (
				278C55111EE948C900770B97 /* MainVC.swift */,
				278C55101EE948C900770B97 /* CommonChartVC.swift */,
				278C55121EE948C900770B97 /* SpecialChartVC.swift */,
				4419618B230D8EDC00C12AAF /* CustomStyleChartVC.swift */,
				27766454207C55BE00F0A62C /* MixedChartVC.swift */,
				275BB8D720CFA6DB00DE1991 /* AdditionalContent */,
			);
			path = Demo;
			sourceTree = "<group>";
		};
		441AF0B92334699100F0D39D /* AATool */ = {
			isa = PBXGroup;
			children = (
				272BBE7721A258C200DBE69D /* AAColor.swift */,
				44143D3521A17F2300D44657 /* AAGradientColor.swift */,
				27DB49A5227381C300B7926B /* AAJSStringPurer.swift */,
			);
			path = AATool;
			sourceTree = "<group>";
		};
		445353BF22631AB3009FA12A /* AAOptionsModel */ = {
			isa = PBXGroup;
			children = (
				4415475C231A194000382DAD /* AAChart.swift */,
				44154764231A1BEB00382DAD /* AATitle.swift */,
				44154766231A1D0200382DAD /* AASubtitle.swift */,
				27DB49A32273767000B7926B /* AATooltip.swift */,
				4415476A231A1E8200382DAD /* AAPlotOptions.swift */,
				4486C50723D7516300B54849 /* AAStates.swift */,
				44154768231A1D5600382DAD /* AASeries.swift */,
				4415475A231A18C500382DAD /* AAAnimation.swift */,
				44154760231A1AE100382DAD /* AAMarker.swift */,
				446809DB22C3806E00BAE647 /* AALegend.swift */,
				442FA90C2340597200CF3BDF /* AAPane.swift */,
				4454E46A22DF1A4F00E01944 /* AALabel.swift */,
				4454E46822DF15AE00E01944 /* AALabels.swift */,
				440839A0226AD2B600645263 /* AADataLabels.swift */,
				446809DD22C3809000BAE647 /* AAXAxis.swift */,
				446809DF22C380A000BAE647 /* AAYAxis.swift */,
				4415475E231A1A4000382DAD /* AACrosshair.swift */,
				445353C022631B0E009FA12A /* AAPlotBandsElement.swift */,
				445353C222631B48009FA12A /* AAPlotLinesElement.swift */,
				FFACB2212424497B00FDAB0B /* AAScrollablePlotArea.swift */,
			);
			path = AAOptionsModel;
			sourceTree = "<group>";
		};
/* End PBXGroup section */

/* Begin PBXNativeTarget section */
		278C54AD1EE9472300770B97 /* AAInfographicsDemo */ = {
			isa = PBXNativeTarget;
			buildConfigurationList = 278C54D61EE9472300770B97 /* Build configuration list for PBXNativeTarget "AAInfographicsDemo" */;
			buildPhases = (
				278C54AA1EE9472300770B97 /* Sources */,
				278C54AB1EE9472300770B97 /* Frameworks */,
				278C54AC1EE9472300770B97 /* Resources */,
			);
			buildRules = (
			);
			dependencies = (
			);
			name = AAInfographicsDemo;
			productName = AAInfographicsDemo;
			productReference = 278C54AE1EE9472300770B97 /* AAInfographicsDemo.app */;
			productType = "com.apple.product-type.application";
		};
		278C54C11EE9472300770B97 /* AAInfographicsDemoTests */ = {
			isa = PBXNativeTarget;
			buildConfigurationList = 278C54D91EE9472300770B97 /* Build configuration list for PBXNativeTarget "AAInfographicsDemoTests" */;
			buildPhases = (
				278C54BE1EE9472300770B97 /* Sources */,
				278C54BF1EE9472300770B97 /* Frameworks */,
				278C54C01EE9472300770B97 /* Resources */,
			);
			buildRules = (
			);
			dependencies = (
				278C54C41EE9472300770B97 /* PBXTargetDependency */,
			);
			name = AAInfographicsDemoTests;
			productName = AAInfographicsDemoTests;
			productReference = 278C54C21EE9472300770B97 /* AAInfographicsDemoTests.xctest */;
			productType = "com.apple.product-type.bundle.unit-test";
		};
		278C54CC1EE9472300770B97 /* AAInfographicsDemoUITests */ = {
			isa = PBXNativeTarget;
			buildConfigurationList = 278C54DC1EE9472300770B97 /* Build configuration list for PBXNativeTarget "AAInfographicsDemoUITests" */;
			buildPhases = (
				278C54C91EE9472300770B97 /* Sources */,
				278C54CA1EE9472300770B97 /* Frameworks */,
				278C54CB1EE9472300770B97 /* Resources */,
			);
			buildRules = (
			);
			dependencies = (
				278C54CF1EE9472300770B97 /* PBXTargetDependency */,
			);
			name = AAInfographicsDemoUITests;
			productName = AAInfographicsDemoUITests;
			productReference = 278C54CD1EE9472300770B97 /* AAInfographicsDemoUITests.xctest */;
			productType = "com.apple.product-type.bundle.ui-testing";
		};
/* End PBXNativeTarget section */

/* Begin PBXProject section */
		278C54A61EE9472300770B97 /* Project object */ = {
			isa = PBXProject;
			attributes = {
				LastSwiftUpdateCheck = 0830;
				LastUpgradeCheck = 1000;
				ORGANIZATIONNAME = "An An";
				TargetAttributes = {
					278C54AD1EE9472300770B97 = {
						CreatedOnToolsVersion = 8.3.2;
						DevelopmentTeam = BPAYP34L8N;
						LastSwiftMigration = 1020;
						ProvisioningStyle = Automatic;
					};
					278C54C11EE9472300770B97 = {
						CreatedOnToolsVersion = 8.3.2;
						ProvisioningStyle = Automatic;
						TestTargetID = 278C54AD1EE9472300770B97;
					};
					278C54CC1EE9472300770B97 = {
						CreatedOnToolsVersion = 8.3.2;
						ProvisioningStyle = Automatic;
						TestTargetID = 278C54AD1EE9472300770B97;
					};
				};
			};
			buildConfigurationList = 278C54A91EE9472300770B97 /* Build configuration list for PBXProject "AAInfographicsDemo" */;
			compatibilityVersion = "Xcode 3.2";
			developmentRegion = English;
			hasScannedForEncodings = 0;
			knownRegions = (
				English,
				en,
				Base,
			);
			mainGroup = 278C54A51EE9472300770B97;
			productRefGroup = 278C54AF1EE9472300770B97 /* Products */;
			projectDirPath = "";
			projectRoot = "";
			targets = (
				278C54AD1EE9472300770B97 /* AAInfographicsDemo */,
				278C54C11EE9472300770B97 /* AAInfographicsDemoTests */,
				278C54CC1EE9472300770B97 /* AAInfographicsDemoUITests */,
			);
		};
/* End PBXProject section */

/* Begin PBXResourcesBuildPhase section */
		278C54AC1EE9472300770B97 /* Resources */ = {
			isa = PBXResourcesBuildPhase;
			buildActionMask = 2147483647;
			files = (
				278C54BC1EE9472300770B97 /* LaunchScreen.storyboard in Resources */,
				278C54B91EE9472300770B97 /* Assets.xcassets in Resources */,
				27499098210D7B2E003D18C2 /* AAJSFiles.bundle in Resources */,
				278C54B71EE9472300770B97 /* Main.storyboard in Resources */,
			);
			runOnlyForDeploymentPostprocessing = 0;
		};
		278C54C01EE9472300770B97 /* Resources */ = {
			isa = PBXResourcesBuildPhase;
			buildActionMask = 2147483647;
			files = (
			);
			runOnlyForDeploymentPostprocessing = 0;
		};
		278C54CB1EE9472300770B97 /* Resources */ = {
			isa = PBXResourcesBuildPhase;
			buildActionMask = 2147483647;
			files = (
			);
			runOnlyForDeploymentPostprocessing = 0;
		};
/* End PBXResourcesBuildPhase section */

/* Begin PBXSourcesBuildPhase section */
		278C54AA1EE9472300770B97 /* Sources */ = {
			isa = PBXSourcesBuildPhase;
			buildActionMask = 2147483647;
			files = (
				446809E022C380A000BAE647 /* AAYAxis.swift in Sources */,
				27499151210D90B5003D18C2 /* AASerializable.swift in Sources */,
				279B5B141FB0577A000B8DBF /* ShowManyChartViewVC.swift in Sources */,
				4415476B231A1E8200382DAD /* AAPlotOptions.swift in Sources */,
				278C55151EE948C900770B97 /* MainVC.swift in Sources */,
				27DB49A42273767000B7926B /* AATooltip.swift in Sources */,
				446809DC22C3806E00BAE647 /* AALegend.swift in Sources */,
				4415475F231A1A4000382DAD /* AACrosshair.swift in Sources */,
				27DB49A6227381C300B7926B /* AAJSStringPurer.swift in Sources */,
				4415475D231A194000382DAD /* AAChart.swift in Sources */,
				27499150210D90B5003D18C2 /* AASeriesElement.swift in Sources */,
				278C54B21EE9472300770B97 /* AppDelegate.swift in Sources */,
				4454E46922DF15AE00E01944 /* AALabels.swift in Sources */,
				445353C122631B0E009FA12A /* AAPlotBandsElement.swift in Sources */,
				4409BED021B8CC4900D79278 /* EvaluateJSStringFunctionVC.swift in Sources */,
				44143D3621A17F2300D44657 /* AAGradientColor.swift in Sources */,
				276A56FF22C77228007F53E7 /* DoubleChartsLinkedWorkVC.swift in Sources */,
				44154763231A1B4800382DAD /* AAOptions.swift in Sources */,
				4415475B231A18C500382DAD /* AAAnimation.swift in Sources */,
				4419618C230D8EDC00C12AAF /* CustomStyleChartVC.swift in Sources */,
				4454E46B22DF1A4F00E01944 /* AALabel.swift in Sources */,
				278C55171EE948C900770B97 /* AnimationTypeVC.swift in Sources */,
				445353C322631B48009FA12A /* AAPlotLinesElement.swift in Sources */,
				440839A1226AD2B600645263 /* AADataLabels.swift in Sources */,
				2770FBBF1F93673700091C75 /* OnlyRefreshChartDataVC.swift in Sources */,
				272BBE7821A258C200DBE69D /* AAColor.swift in Sources */,
				446809DE22C3809000BAE647 /* AAXAxis.swift in Sources */,
				4486C50823D7516300B54849 /* AAStates.swift in Sources */,
				44154767231A1D0200382DAD /* AASubtitle.swift in Sources */,
				27766455207C55BE00F0A62C /* MixedChartVC.swift in Sources */,
				FFACB2222424497B00FDAB0B /* AAScrollablePlotArea.swift in Sources */,
				2749914F210D90B5003D18C2 /* AAChartModel.swift in Sources */,
				278C55161EE948C900770B97 /* SpecialChartVC.swift in Sources */,
				44154761231A1AE100382DAD /* AAMarker.swift in Sources */,
				27FADB8620D6569000FED960 /* HideOrShowChartSeriesVC.swift in Sources */,
				44EB70A722BCB606008FECE4 /* JSFormatterFunctionVC.swift in Sources */,
				44154769231A1D5600382DAD /* AASeries.swift in Sources */,
				442FA90D2340597200CF3BDF /* AAPane.swift in Sources */,
				449A0ED62377149D009F8FE1 /* ScrollingUpdateDataVC.swift in Sources */,
				27499152210D90B5003D18C2 /* AAChartView.swift in Sources */,
				447B4B3521C9F40900FDA965 /* DrawChartWithAAOptionsVC.swift in Sources */,
				278C55141EE948C900770B97 /* CommonChartVC.swift in Sources */,
				44154765231A1BEB00382DAD /* AATitle.swift in Sources */,
			);
			runOnlyForDeploymentPostprocessing = 0;
		};
		278C54BE1EE9472300770B97 /* Sources */ = {
			isa = PBXSourcesBuildPhase;
			buildActionMask = 2147483647;
			files = (
				278C54C71EE9472300770B97 /* AAInfographicsDemoTests.swift in Sources */,
			);
			runOnlyForDeploymentPostprocessing = 0;
		};
		278C54C91EE9472300770B97 /* Sources */ = {
			isa = PBXSourcesBuildPhase;
			buildActionMask = 2147483647;
			files = (
				278C54D21EE9472300770B97 /* AAInfographicsDemoUITests.swift in Sources */,
			);
			runOnlyForDeploymentPostprocessing = 0;
		};
/* End PBXSourcesBuildPhase section */

/* Begin PBXTargetDependency section */
		278C54C41EE9472300770B97 /* PBXTargetDependency */ = {
			isa = PBXTargetDependency;
			target = 278C54AD1EE9472300770B97 /* AAInfographicsDemo */;
			targetProxy = 278C54C31EE9472300770B97 /* PBXContainerItemProxy */;
		};
		278C54CF1EE9472300770B97 /* PBXTargetDependency */ = {
			isa = PBXTargetDependency;
			target = 278C54AD1EE9472300770B97 /* AAInfographicsDemo */;
			targetProxy = 278C54CE1EE9472300770B97 /* PBXContainerItemProxy */;
		};
/* End PBXTargetDependency section */

/* Begin PBXVariantGroup section */
		278C54B51EE9472300770B97 /* Main.storyboard */ = {
			isa = PBXVariantGroup;
			children = (
				278C54B61EE9472300770B97 /* Base */,
			);
			name = Main.storyboard;
			sourceTree = "<group>";
		};
		278C54BA1EE9472300770B97 /* LaunchScreen.storyboard */ = {
			isa = PBXVariantGroup;
			children = (
				278C54BB1EE9472300770B97 /* Base */,
			);
			name = LaunchScreen.storyboard;
			sourceTree = "<group>";
		};
/* End PBXVariantGroup section */

/* Begin XCBuildConfiguration section */
		278C54D41EE9472300770B97 /* Debug */ = {
			isa = XCBuildConfiguration;
			buildSettings = {
				ALWAYS_SEARCH_USER_PATHS = NO;
				CLANG_ANALYZER_NONNULL = YES;
				CLANG_ANALYZER_NUMBER_OBJECT_CONVERSION = YES_AGGRESSIVE;
				CLANG_CXX_LANGUAGE_STANDARD = "gnu++0x";
				CLANG_CXX_LIBRARY = "libc++";
				CLANG_ENABLE_MODULES = YES;
				CLANG_ENABLE_OBJC_ARC = YES;
				CLANG_WARN_BLOCK_CAPTURE_AUTORELEASING = YES;
				CLANG_WARN_BOOL_CONVERSION = YES;
				CLANG_WARN_COMMA = YES;
				CLANG_WARN_CONSTANT_CONVERSION = YES;
				CLANG_WARN_DEPRECATED_OBJC_IMPLEMENTATIONS = YES;
				CLANG_WARN_DIRECT_OBJC_ISA_USAGE = YES_ERROR;
				CLANG_WARN_DOCUMENTATION_COMMENTS = YES;
				CLANG_WARN_EMPTY_BODY = YES;
				CLANG_WARN_ENUM_CONVERSION = YES;
				CLANG_WARN_INFINITE_RECURSION = YES;
				CLANG_WARN_INT_CONVERSION = YES;
				CLANG_WARN_NON_LITERAL_NULL_CONVERSION = YES;
				CLANG_WARN_OBJC_IMPLICIT_RETAIN_SELF = YES;
				CLANG_WARN_OBJC_LITERAL_CONVERSION = YES;
				CLANG_WARN_OBJC_ROOT_CLASS = YES_ERROR;
				CLANG_WARN_RANGE_LOOP_ANALYSIS = YES;
				CLANG_WARN_STRICT_PROTOTYPES = YES;
				CLANG_WARN_SUSPICIOUS_MOVE = YES;
				CLANG_WARN_UNREACHABLE_CODE = YES;
				CLANG_WARN__DUPLICATE_METHOD_MATCH = YES;
				"CODE_SIGN_IDENTITY[sdk=iphoneos*]" = "iPhone Developer";
				COPY_PHASE_STRIP = NO;
				DEBUG_INFORMATION_FORMAT = dwarf;
				ENABLE_STRICT_OBJC_MSGSEND = YES;
				ENABLE_TESTABILITY = YES;
				GCC_C_LANGUAGE_STANDARD = gnu99;
				GCC_DYNAMIC_NO_PIC = NO;
				GCC_NO_COMMON_BLOCKS = YES;
				GCC_OPTIMIZATION_LEVEL = 0;
				GCC_PREPROCESSOR_DEFINITIONS = (
					"DEBUG=1",
					"$(inherited)",
				);
				GCC_WARN_64_TO_32_BIT_CONVERSION = YES;
				GCC_WARN_ABOUT_RETURN_TYPE = YES_ERROR;
				GCC_WARN_UNDECLARED_SELECTOR = YES;
				GCC_WARN_UNINITIALIZED_AUTOS = YES_AGGRESSIVE;
				GCC_WARN_UNUSED_FUNCTION = YES;
				GCC_WARN_UNUSED_VARIABLE = YES;
				IPHONEOS_DEPLOYMENT_TARGET = 8.0;
				MTL_ENABLE_DEBUG_INFO = YES;
				ONLY_ACTIVE_ARCH = YES;
				SDKROOT = iphoneos;
				SWIFT_ACTIVE_COMPILATION_CONDITIONS = DEBUG;
				SWIFT_OPTIMIZATION_LEVEL = "-Onone";
				TARGETED_DEVICE_FAMILY = "1,2";
			};
			name = Debug;
		};
		278C54D51EE9472300770B97 /* Release */ = {
			isa = XCBuildConfiguration;
			buildSettings = {
				ALWAYS_SEARCH_USER_PATHS = NO;
				CLANG_ANALYZER_NONNULL = YES;
				CLANG_ANALYZER_NUMBER_OBJECT_CONVERSION = YES_AGGRESSIVE;
				CLANG_CXX_LANGUAGE_STANDARD = "gnu++0x";
				CLANG_CXX_LIBRARY = "libc++";
				CLANG_ENABLE_MODULES = YES;
				CLANG_ENABLE_OBJC_ARC = YES;
				CLANG_WARN_BLOCK_CAPTURE_AUTORELEASING = YES;
				CLANG_WARN_BOOL_CONVERSION = YES;
				CLANG_WARN_COMMA = YES;
				CLANG_WARN_CONSTANT_CONVERSION = YES;
				CLANG_WARN_DEPRECATED_OBJC_IMPLEMENTATIONS = YES;
				CLANG_WARN_DIRECT_OBJC_ISA_USAGE = YES_ERROR;
				CLANG_WARN_DOCUMENTATION_COMMENTS = YES;
				CLANG_WARN_EMPTY_BODY = YES;
				CLANG_WARN_ENUM_CONVERSION = YES;
				CLANG_WARN_INFINITE_RECURSION = YES;
				CLANG_WARN_INT_CONVERSION = YES;
				CLANG_WARN_NON_LITERAL_NULL_CONVERSION = YES;
				CLANG_WARN_OBJC_IMPLICIT_RETAIN_SELF = YES;
				CLANG_WARN_OBJC_LITERAL_CONVERSION = YES;
				CLANG_WARN_OBJC_ROOT_CLASS = YES_ERROR;
				CLANG_WARN_RANGE_LOOP_ANALYSIS = YES;
				CLANG_WARN_STRICT_PROTOTYPES = YES;
				CLANG_WARN_SUSPICIOUS_MOVE = YES;
				CLANG_WARN_UNREACHABLE_CODE = YES;
				CLANG_WARN__DUPLICATE_METHOD_MATCH = YES;
				"CODE_SIGN_IDENTITY[sdk=iphoneos*]" = "iPhone Developer";
				COPY_PHASE_STRIP = NO;
				DEBUG_INFORMATION_FORMAT = "dwarf-with-dsym";
				ENABLE_NS_ASSERTIONS = NO;
				ENABLE_STRICT_OBJC_MSGSEND = YES;
				GCC_C_LANGUAGE_STANDARD = gnu99;
				GCC_NO_COMMON_BLOCKS = YES;
				GCC_WARN_64_TO_32_BIT_CONVERSION = YES;
				GCC_WARN_ABOUT_RETURN_TYPE = YES_ERROR;
				GCC_WARN_UNDECLARED_SELECTOR = YES;
				GCC_WARN_UNINITIALIZED_AUTOS = YES_AGGRESSIVE;
				GCC_WARN_UNUSED_FUNCTION = YES;
				GCC_WARN_UNUSED_VARIABLE = YES;
				IPHONEOS_DEPLOYMENT_TARGET = 8.0;
				MTL_ENABLE_DEBUG_INFO = NO;
				SDKROOT = iphoneos;
				SWIFT_OPTIMIZATION_LEVEL = "-Owholemodule";
				TARGETED_DEVICE_FAMILY = "1,2";
				VALIDATE_PRODUCT = YES;
			};
			name = Release;
		};
		278C54D71EE9472300770B97 /* Debug */ = {
			isa = XCBuildConfiguration;
			buildSettings = {
				ASSETCATALOG_COMPILER_APPICON_NAME = AppIcon;
				CODE_SIGN_ENTITLEMENTS = AAInfographicsDemo/AAInfographicsDemo.entitlements;
				DERIVE_MACCATALYST_PRODUCT_BUNDLE_IDENTIFIER = YES;
				DEVELOPMENT_TEAM = BPAYP34L8N;
				INFOPLIST_FILE = AAInfographicsDemo/Info.plist;
				IPHONEOS_DEPLOYMENT_TARGET = 8.0;
				LD_RUNPATH_SEARCH_PATHS = "$(inherited) @executable_path/Frameworks";
				PRODUCT_BUNDLE_IDENTIFIER = Hobbies.AAInfographi;
				PRODUCT_NAME = "$(TARGET_NAME)";
				SUPPORTS_MACCATALYST = YES;
				SWIFT_VERSION = 5.0;
			};
			name = Debug;
		};
		278C54D81EE9472300770B97 /* Release */ = {
			isa = XCBuildConfiguration;
			buildSettings = {
				ASSETCATALOG_COMPILER_APPICON_NAME = AppIcon;
				CODE_SIGN_ENTITLEMENTS = AAInfographicsDemo/AAInfographicsDemo.entitlements;
				DERIVE_MACCATALYST_PRODUCT_BUNDLE_IDENTIFIER = YES;
				DEVELOPMENT_TEAM = BPAYP34L8N;
				INFOPLIST_FILE = AAInfographicsDemo/Info.plist;
				IPHONEOS_DEPLOYMENT_TARGET = 8.0;
				LD_RUNPATH_SEARCH_PATHS = "$(inherited) @executable_path/Frameworks";
				PRODUCT_BUNDLE_IDENTIFIER = Hobbies.AAInfographi;
				PRODUCT_NAME = "$(TARGET_NAME)";
				SUPPORTS_MACCATALYST = YES;
				SWIFT_VERSION = 5.0;
			};
			name = Release;
		};
		278C54DA1EE9472300770B97 /* Debug */ = {
			isa = XCBuildConfiguration;
			buildSettings = {
				ALWAYS_EMBED_SWIFT_STANDARD_LIBRARIES = YES;
				BUNDLE_LOADER = "$(TEST_HOST)";
				INFOPLIST_FILE = AAInfographicsDemoTests/Info.plist;
				LD_RUNPATH_SEARCH_PATHS = "$(inherited) @executable_path/Frameworks @loader_path/Frameworks";
				PRODUCT_BUNDLE_IDENTIFIER = Hobbies.AAInfographicsDemoTests;
				PRODUCT_NAME = "$(TARGET_NAME)";
				SWIFT_VERSION = 4.2;
				TEST_HOST = "$(BUILT_PRODUCTS_DIR)/AAInfographicsDemo.app/AAInfographicsDemo";
			};
			name = Debug;
		};
		278C54DB1EE9472300770B97 /* Release */ = {
			isa = XCBuildConfiguration;
			buildSettings = {
				ALWAYS_EMBED_SWIFT_STANDARD_LIBRARIES = YES;
				BUNDLE_LOADER = "$(TEST_HOST)";
				INFOPLIST_FILE = AAInfographicsDemoTests/Info.plist;
				LD_RUNPATH_SEARCH_PATHS = "$(inherited) @executable_path/Frameworks @loader_path/Frameworks";
				PRODUCT_BUNDLE_IDENTIFIER = Hobbies.AAInfographicsDemoTests;
				PRODUCT_NAME = "$(TARGET_NAME)";
				SWIFT_VERSION = 4.2;
				TEST_HOST = "$(BUILT_PRODUCTS_DIR)/AAInfographicsDemo.app/AAInfographicsDemo";
			};
			name = Release;
		};
		278C54DD1EE9472300770B97 /* Debug */ = {
			isa = XCBuildConfiguration;
			buildSettings = {
				ALWAYS_EMBED_SWIFT_STANDARD_LIBRARIES = YES;
				INFOPLIST_FILE = AAInfographicsDemoUITests/Info.plist;
				LD_RUNPATH_SEARCH_PATHS = "$(inherited) @executable_path/Frameworks @loader_path/Frameworks";
				PRODUCT_BUNDLE_IDENTIFIER = Hobbies.AAInfographicsDemoUITests;
				PRODUCT_NAME = "$(TARGET_NAME)";
				SWIFT_VERSION = 4.2;
				TEST_TARGET_NAME = AAInfographicsDemo;
			};
			name = Debug;
		};
		278C54DE1EE9472300770B97 /* Release */ = {
			isa = XCBuildConfiguration;
			buildSettings = {
				ALWAYS_EMBED_SWIFT_STANDARD_LIBRARIES = YES;
				INFOPLIST_FILE = AAInfographicsDemoUITests/Info.plist;
				LD_RUNPATH_SEARCH_PATHS = "$(inherited) @executable_path/Frameworks @loader_path/Frameworks";
				PRODUCT_BUNDLE_IDENTIFIER = Hobbies.AAInfographicsDemoUITests;
				PRODUCT_NAME = "$(TARGET_NAME)";
				SWIFT_VERSION = 4.2;
				TEST_TARGET_NAME = AAInfographicsDemo;
			};
			name = Release;
		};
/* End XCBuildConfiguration section */

/* Begin XCConfigurationList section */
		278C54A91EE9472300770B97 /* Build configuration list for PBXProject "AAInfographicsDemo" */ = {
			isa = XCConfigurationList;
			buildConfigurations = (
				278C54D41EE9472300770B97 /* Debug */,
				278C54D51EE9472300770B97 /* Release */,
			);
			defaultConfigurationIsVisible = 0;
			defaultConfigurationName = Release;
		};
		278C54D61EE9472300770B97 /* Build configuration list for PBXNativeTarget "AAInfographicsDemo" */ = {
			isa = XCConfigurationList;
			buildConfigurations = (
				278C54D71EE9472300770B97 /* Debug */,
				278C54D81EE9472300770B97 /* Release */,
			);
			defaultConfigurationIsVisible = 0;
			defaultConfigurationName = Release;
		};
		278C54D91EE9472300770B97 /* Build configuration list for PBXNativeTarget "AAInfographicsDemoTests" */ = {
			isa = XCConfigurationList;
			buildConfigurations = (
				278C54DA1EE9472300770B97 /* Debug */,
				278C54DB1EE9472300770B97 /* Release */,
			);
			defaultConfigurationIsVisible = 0;
			defaultConfigurationName = Release;
		};
		278C54DC1EE9472300770B97 /* Build configuration list for PBXNativeTarget "AAInfographicsDemoUITests" */ = {
			isa = XCConfigurationList;
			buildConfigurations = (
				278C54DD1EE9472300770B97 /* Debug */,
				278C54DE1EE9472300770B97 /* Release */,
			);
			defaultConfigurationIsVisible = 0;
			defaultConfigurationName = Release;
		};
/* End XCConfigurationList section */
	};
	rootObject = 278C54A61EE9472300770B97 /* Project object */;
}
